
Microsoft Visual Studio Solution File, Format Version 12.00
# Visual Studio Version 16
VisualStudioVersion = 16.0.34301.259
MinimumVisualStudioVersion = 10.0.40219.1
Project("{FAE04EC0-301F-11D3-BF4B-00C04F79EFBC}") = "First project", "First project\First project.csproj", "{74D44946-AC6E-4D4D-9066-67E69FB31166}"
EndProject
Global
	GlobalSection(SolutionConfigurationPlatforms) = preSolution
		Debug|Any CPU = Debug|Any CPU
		Release|Any CPU = Release|Any CPU
	EndGlobalSection
	GlobalSection(ProjectConfigurationPlatforms) = postSolution
		{74D44946-AC6E-4D4D-9066-67E69FB31166}.Debug|Any CPU.ActiveCfg = Debug|Any CPU
		{74D44946-AC6E-4D4D-9066-67E69FB31166}.Debug|Any CPU.Build.0 = Debug|Any CPU
		{74D44946-AC6E-4D4D-9066-67E69FB31166}.Release|Any CPU.ActiveCfg = Release|Any CPU
		{74D44946-AC6E-4D4D-9066-67E69FB31166}.Release|Any CPU.Build.0 = Release|Any CPU
	EndGlobalSection
	GlobalSection(SolutionProperties) = preSolution
		HideSolutionNode = FALSE
	EndGlobalSection
	GlobalSection(ExtensibilityGlobals) = postSolution
		SolutionGuid = {6A72927B-D0BE-4AAB-91D9-4B60B1782103}
	EndGlobalSection
EndGlobal
